
Microsoft Visual Studio Solution File, Format Version 12.00
# Visual Studio Version 17
VisualStudioVersion = 17.4.33110.190
MinimumVisualStudioVersion = 10.0.40219.1
Project("{FAE04EC0-301F-11D3-BF4B-00C04F79EFBC}") = "csharp-geometria", "csharp-geometria.csproj", "{289E6A6E-B586-4268-824E-C822CFA42ECC}"
EndProject
Global
	GlobalSection(SolutionConfigurationPlatforms) = preSolution
		Debug|Any CPU = Debug|Any CPU
		Release|Any CPU = Release|Any CPU
	EndGlobalSection
	GlobalSection(ProjectConfigurationPlatforms) = postSolution
		{289E6A6E-B586-4268-824E-C822CFA42ECC}.Debug|Any CPU.ActiveCfg = Debug|Any CPU
		{289E6A6E-B586-4268-824E-C822CFA42ECC}.Debug|Any CPU.Build.0 = Debug|Any CPU
		{289E6A6E-B586-4268-824E-C822CFA42ECC}.Release|Any CPU.ActiveCfg = Release|Any CPU
		{289E6A6E-B586-4268-824E-C822CFA42ECC}.Release|Any CPU.Build.0 = Release|Any CPU
	EndGlobalSection
	GlobalSection(SolutionProperties) = preSolution
		HideSolutionNode = FALSE
	EndGlobalSection
	GlobalSection(ExtensibilityGlobals) = postSolution
		SolutionGuid = {A8A74DFC-7F54-4D66-AAE7-731391C118D5}
	EndGlobalSection
EndGlobal
